{
  "requires": true,
  "lockfileVersion": 1,
  "dependencies": {
    "js-cookie": {
      "version": "2.2.1",
      "resolved": "https://registry.npmjs.org/js-cookie/-/js-cookie-2.2.1.tgz",
      "integrity": "sha512-HvdH2LzI/EAZcUwA8+0nKNtWHqS+ZmijLA30RwZA0bo7ToCckjK5MkGhjED9KoRcXO6BaGI3I9UIzSA1FKFPOQ=="
    },
    "react-cookie-consent": {
      "version": "3.0.0",
      "resolved": "https://registry.npmjs.org/react-cookie-consent/-/react-cookie-consent-3.0.0.tgz",
      "integrity": "sha512-H9vD+vUENkOSjh8ZsGG9Pgb30K58ys/roHNOTRFafTJvoC9NEeHO8XC//z54k+ZbVbsqcYe4Tiv7EYfFSq2y7Q==",
      "requires": {
        "js-cookie": "^2.2.0"
      }
    }
  }
}
